<Project xmlns="http://schemas.microsoft.com/developer/msbuild/2003">
    <PropertyGroup>
        <Base>True</Base>
        <AppType>Console</AppType>
        <Config Condition="'$(Config)'==''">Release</Config>
        <FrameworkType>None</FrameworkType>
        <MainSource>PythonFMXBuilderCLI.dpr</MainSource>
        <Platform Condition="'$(Platform)'==''">Win32</Platform>
        <ProjectGuid>{557EC11C-B327-4461-BA26-89B7ED7A835C}</ProjectGuid>
        <ProjectVersion>19.4</ProjectVersion>
        <TargetedPlatforms>3</TargetedPlatforms>
    </PropertyGroup>
    <PropertyGroup Condition="'$(Config)'=='Base' or '$(Base)'!=''">
        <Base>true</Base>
    </PropertyGroup>
    <PropertyGroup Condition="('$(Platform)'=='Win32' and '$(Base)'=='true') or '$(Base_Win32)'!=''">
        <Base_Win32>true</Base_Win32>
        <CfgParent>Base</CfgParent>
        <Base>true</Base>
    </PropertyGroup>
    <PropertyGroup Condition="('$(Platform)'=='Win64' and '$(Base)'=='true') or '$(Base_Win64)'!=''">
        <Base_Win64>true</Base_Win64>
        <CfgParent>Base</CfgParent>
        <Base>true</Base>
    </PropertyGroup>
    <PropertyGroup Condition="'$(Config)'=='Debug' or '$(Cfg_1)'!=''">
        <Cfg_1>true</Cfg_1>
        <CfgParent>Base</CfgParent>
        <Base>true</Base>
    </PropertyGroup>
    <PropertyGroup Condition="('$(Platform)'=='Win32' and '$(Cfg_1)'=='true') or '$(Cfg_1_Win32)'!=''">
        <Cfg_1_Win32>true</Cfg_1_Win32>
        <CfgParent>Cfg_1</CfgParent>
        <Cfg_1>true</Cfg_1>
        <Base>true</Base>
    </PropertyGroup>
    <PropertyGroup Condition="('$(Platform)'=='Win64' and '$(Cfg_1)'=='true') or '$(Cfg_1_Win64)'!=''">
        <Cfg_1_Win64>true</Cfg_1_Win64>
        <CfgParent>Cfg_1</CfgParent>
        <Cfg_1>true</Cfg_1>
        <Base>true</Base>
    </PropertyGroup>
    <PropertyGroup Condition="'$(Config)'=='Release' or '$(Cfg_2)'!=''">
        <Cfg_2>true</Cfg_2>
        <CfgParent>Base</CfgParent>
        <Base>true</Base>
    </PropertyGroup>
    <PropertyGroup Condition="'$(Base)'!=''">
        <SanitizedProjectName>PythonFMXBuilderCLI</SanitizedProjectName>
        <DCC_DcuOutput>.\lib\$(Platform)\$(Config)</DCC_DcuOutput>
        <DCC_Define>.\lib\$(Platform)\$(Config);$(DCC_Define)</DCC_Define>
        <DCC_ExeOutput>.\out\$(Platform)\$(Config)</DCC_ExeOutput>
        <DCC_Namespace>System;Xml;Data;Datasnap;Web;Soap;$(DCC_Namespace)</DCC_Namespace>
        <DCC_UnitSearchPath>modules\.dcp;modules\.dcu;modules;modules\dap4delphi\source;modules\dap4delphi\source\client;modules\dunitx\Examples;modules\dunitx\Expert;modules\dunitx\Source;modules\dunitx\Tests;modules\python4delphi\Demos\Demo01;modules\python4delphi\Demos\Demo02;modules\python4delphi\Demos\Demo03;modules\python4delphi\Demos\Demo04;modules\python4delphi\Demos\Demo05;modules\python4delphi\Demos\Demo06;modules\python4delphi\Demos\Demo07;modules\python4delphi\Demos\Demo08;modules\python4delphi\Demos\Demo09;modules\python4delphi\Demos\Demo10_FireDAC;modules\python4delphi\Demos\Demo11;modules\python4delphi\Demos\Demo16\Example1;modules\python4delphi\Demos\Demo16\Example2;modules\python4delphi\Demos\Demo17;modules\python4delphi\Demos\Demo19;modules\python4delphi\Demos\Demo20;modules\python4delphi\Demos\Demo21;modules\python4delphi\Demos\Demo22;modules\python4delphi\Demos\Demo23;modules\python4delphi\Demos\Demo25;modules\python4delphi\Demos\Demo26;modules\python4delphi\Demos\Demo27;modules\python4delphi\Demos\Demo28;modules\python4delphi\Demos\Demo29;modules\python4delphi\Demos\Demo30;modules\python4delphi\Demos\Demo31;modules\python4delphi\Demos\Demo32;modules\python4delphi\Demos\Demo33;modules\python4delphi\Demos\Demo34;modules\python4delphi\Demos\FMX\SimpleDemo;modules\python4delphi\Demos\FPC\Demo01;modules\python4delphi\Demos\FPC\Demo06;modules\python4delphi\Demos\FPC\Demo25;modules\python4delphi\Demos\FPC\Demo31;modules\python4delphi\Modules\DelphiVCL;modules\python4delphi\Modules\DemoModule;modules\python4delphi\Modules\RttiModule;modules\python4delphi\Packages\FPC;modules\python4delphi\Source;modules\python4delphi\Source\fmx;modules\python4delphi\Source\lcl;modules\python4delphi\Source\vcl;modules\python4delphi\Tests;modules\python4delphi\Tutorials\Webinar I\ModuleDemo;modules\python4delphi\Tutorials\Webinar I\SimpleDemo;modules\python4delphi\Tutorials\Webinar I\WrapDelphiDemo;modules\python4delphi\Tutorials\Webinar II\AnalyticsDemo;modules\python4delphi\Tutorials\Webinar II\VarPythDemo;modules\python4delphi\Tutorials\Webinar II\VizDemo;modules\python4delphi\Unsupported\VCL\Demo10;modules\python4delphi\Unsupported\VCL\Demo13;modules\python4delphi\Unsupported\VCL\Demo14;modules\python4delphi\Unsupported\VCL\Demo15;modules\python4delphi\Unsupported\VCL;modules\pythonenviroments\src\AddOn;modules\pythonenviroments\src\Embeddable;modules\pythonenviroments\src\Embeddable\Res;modules\pythonenviroments\src\Project\IDE;modules\pythonenviroments\src\Project;modules\pythonenviroments\src;modules\pythonenviroments\src\Tools;modules\vsoft.commandlineparser\Samples\Command;modules\vsoft.commandlineparser\Samples\Simple;modules\vsoft.commandlineparser\Src;modules\vsoft.commandlineparser\Tests;$(DCC_UnitSearchPath)</DCC_UnitSearchPath>
        <VerInfo_Keys>CompanyName=;FileDescription=$(MSBuildProjectName);FileVersion=1.0.0.0;InternalName=;LegalCopyright=;LegalTrademarks=;OriginalFilename=;ProgramID=com.embarcadero.$(MSBuildProjectName);ProductName=$(MSBuildProjectName);ProductVersion=1.0.0.0;Comments=</VerInfo_Keys>
        <VerInfo_Locale>1046</VerInfo_Locale>
    </PropertyGroup>
    <PropertyGroup Condition="'$(Base_Win32)'!=''">
        <BT_BuildType>Debug</BT_BuildType>
        <DCC_ConsoleTarget>true</DCC_ConsoleTarget>
        <DCC_Namespace>Winapi;System.Win;Data.Win;Datasnap.Win;Web.Win;Soap.Win;Xml.Win;Bde;$(DCC_Namespace)</DCC_Namespace>
        <DCC_UsePackage>vclwinx;DataSnapServer;P4DMatplotLib;fmx;emshosting;vclie;DbxCommonDriver;bindengine;IndyIPCommon;VCLRESTComponents;DBXMSSQLDriver;FireDACCommonODBC;emsclient;FireDACCommonDriver;appanalytics;IndyProtocols;vclx;IndyIPClient;dbxcds;vcledge;bindcompvclwinx;emsedge;bindcompfmx;DBXFirebirdDriver;inetdb;FireDACSqliteDriver;DbxClientDriver;FireDACASADriver;soapmidas;vclactnband;fmxFireDAC;dbexpress;Python;FireDACInfxDriver;P4DPyPackage;DBXMySQLDriver;VclSmp;inet;DataSnapCommon;PythonVcl;vcltouch;fmxase;P4DOpenCV;DBXOdbcDriver;dbrtl;FireDACDBXDriver;FireDACOracleDriver;fmxdae;FireDACMSAccDriver;CustomIPTransport;FireDACMSSQLDriver;DataSnapIndy10ServerTransport;P4DTensorFlow;DataSnapConnectors;vcldsnap;DBXInterBaseDriver;FireDACMongoDBDriver;IndySystem;FireDACTDataDriver;vcldb;vclFireDAC;bindcomp;FireDACCommon;DataSnapServerMidas;FireDACODBCDriver;emsserverresource;IndyCore;RESTBackendComponents;P4DPyTorch;P4DScikitLearn;bindcompdbx;rtl;FireDACMySQLDriver;FireDACADSDriver;RESTComponents;DBXSqliteDriver;vcl;IndyIPServer;dsnapxml;dsnapcon;DataSnapClient;DataSnapProviderClient;adortl;P4DNLTK;DBXSybaseASEDriver;DBXDb2Driver;vclimg;DataSnapFireDAC;emsclientfiredac;FireDACPgDriver;FireDAC;FireDACDSDriver;inetdbxpress;xmlrtl;tethering;P4DEnvironment;bindcompvcl;dsnap;CloudService;DBXSybaseASADriver;DBXOracleDriver;FireDACDb2Driver;DBXInformixDriver;P4DNumPy;fmxobj;bindcompvclsmp;DataSnapNativeClient;PythonFmx;DatasnapConnectorsFreePascal;soaprtl;soapserver;FireDACIBDriver;$(DCC_UsePackage)</DCC_UsePackage>
        <VerInfo_Keys>CompanyName=;FileDescription=$(MSBuildProjectName);FileVersion=1.0.0.0;InternalName=;LegalCopyright=;LegalTrademarks=;OriginalFilename=;ProgramID=com.embarcadero.$(MSBuildProjectName);ProductName=$(MSBuildProjectName);ProductVersion=1.0.0.0;Comments=</VerInfo_Keys>
        <VerInfo_Locale>1033</VerInfo_Locale>
    </PropertyGroup>
    <PropertyGroup Condition="'$(Base_Win64)'!=''">
        <BT_BuildType>Debug</BT_BuildType>
        <DCC_Namespace>Winapi;System.Win;Data.Win;Datasnap.Win;Web.Win;Soap.Win;Xml.Win;$(DCC_Namespace)</DCC_Namespace>
        <VerInfo_Keys>CompanyName=;FileDescription=$(MSBuildProjectName);FileVersion=1.0.0.0;InternalName=;LegalCopyright=;LegalTrademarks=;OriginalFilename=;ProgramID=com.embarcadero.$(MSBuildProjectName);ProductName=$(MSBuildProjectName);ProductVersion=1.0.0.0;Comments=</VerInfo_Keys>
        <VerInfo_Locale>1033</VerInfo_Locale>
    </PropertyGroup>
    <PropertyGroup Condition="'$(Cfg_1)'!=''">
        <DCC_DebugDCUs>true</DCC_DebugDCUs>
        <DCC_DebugInfoInExe>true</DCC_DebugInfoInExe>
        <DCC_Define>DEBUG;$(DCC_Define)</DCC_Define>
        <DCC_GenerateStackFrames>true</DCC_GenerateStackFrames>
        <DCC_IntegerOverflowCheck>true</DCC_IntegerOverflowCheck>
        <DCC_Optimize>false</DCC_Optimize>
        <DCC_RangeChecking>true</DCC_RangeChecking>
        <DCC_RemoteDebug>true</DCC_RemoteDebug>
    </PropertyGroup>
    <PropertyGroup Condition="'$(Cfg_1_Win32)'!=''">
        <AppDPIAwarenessMode>none</AppDPIAwarenessMode>
        <DCC_RemoteDebug>false</DCC_RemoteDebug>
        <Manifest_File>(None)</Manifest_File>
        <VerInfo_Locale>1033</VerInfo_Locale>
    </PropertyGroup>
    <PropertyGroup Condition="'$(Cfg_1_Win64)'!=''">
        <AppDPIAwarenessMode>none</AppDPIAwarenessMode>
        <Debugger_RunParams>project testcli1 --package_name com.embarcadero.my_app</Debugger_RunParams>
        <Manifest_File>(None)</Manifest_File>
        <VerInfo_Locale>1033</VerInfo_Locale>
    </PropertyGroup>
    <PropertyGroup Condition="'$(Cfg_2)'!=''">
        <DCC_DebugInformation>0</DCC_DebugInformation>
        <DCC_Define>RELEASE;$(DCC_Define)</DCC_Define>
        <DCC_LocalDebugSymbols>false</DCC_LocalDebugSymbols>
        <DCC_SymbolReferenceInfo>0</DCC_SymbolReferenceInfo>
    </PropertyGroup>
    <ItemGroup>
        <DelphiCompile Include="$(MainSource)">
            <MainSource>MainSource</MainSource>
        </DelphiCompile>
        <DCCReference Include="source\cli\Cli.Options.pas"/>
        <DCCReference Include="source\cli\Cli.Commands.pas"/>
        <DCCReference Include="source\cli\Cli.Interpreter.pas"/>
        <DCCReference Include="source\cli\Cli.Exception.pas"/>
        <BuildConfiguration Include="Base">
            <Key>Base</Key>
        </BuildConfiguration>
        <BuildConfiguration Include="Debug">
            <Key>Cfg_1</Key>
            <CfgParent>Base</CfgParent>
        </BuildConfiguration>
        <BuildConfiguration Include="Release">
            <Key>Cfg_2</Key>
            <CfgParent>Base</CfgParent>
        </BuildConfiguration>
    </ItemGroup>
    <ProjectExtensions>
        <Borland.Personality>Delphi.Personality.12</Borland.Personality>
        <Borland.ProjectType>Application</Borland.ProjectType>
        <BorlandProject>
            <Delphi.Personality>
                <Source>
                    <Source Name="MainSource">PythonFMXBuilderCLI.dpr</Source>
                </Source>
                <Excluded_Packages/>
            </Delphi.Personality>
            <Platforms>
                <Platform value="Android">False</Platform>
                <Platform value="Android64">False</Platform>
                <Platform value="Linux64">False</Platform>
                <Platform value="OSX64">False</Platform>
                <Platform value="OSXARM64">False</Platform>
                <Platform value="Win32">True</Platform>
                <Platform value="Win64">True</Platform>
                <Platform value="iOSDevice64">False</Platform>
            </Platforms>
        </BorlandProject>
        <ProjectFileVersion>12</ProjectFileVersion>
    </ProjectExtensions>
    <Import Project="$(BDS)\Bin\CodeGear.Delphi.Targets" Condition="Exists('$(BDS)\Bin\CodeGear.Delphi.Targets')"/>
    <Import Project="$(APPDATA)\Embarcadero\$(BDSAPPDATABASEDIR)\$(PRODUCTVERSION)\UserTools.proj" Condition="Exists('$(APPDATA)\Embarcadero\$(BDSAPPDATABASEDIR)\$(PRODUCTVERSION)\UserTools.proj')"/>
    <Import Project="$(MSBuildProjectName).deployproj" Condition="Exists('$(MSBuildProjectName).deployproj')"/>
</Project>
